
Microsoft Visual Studio Solution File, Format Version 12.00
# Visual Studio Version 17
VisualStudioVersion = 17.14.36414.22 d17.14
MinimumVisualStudioVersion = 10.0.40219.1
Project("{FAE04EC0-301F-11D3-BF4B-00C04F79EFBC}") = "UnitTesting", "UnitTesting\UnitTesting.csproj", "{DF97977D-A851-4A99-9C2B-4B37F870928A}"
EndProject
Project("{FAE04EC0-301F-11D3-BF4B-00C04F79EFBC}") = "TestSzyfrCezara", "TestSzyfrCezara\TestSzyfrCezara.csproj", "{C255A618-D777-46F9-89F6-DFEFA89DC107}"
EndProject
Global
	GlobalSection(SolutionConfigurationPlatforms) = preSolution
		Debug|Any CPU = Debug|Any CPU
		Release|Any CPU = Release|Any CPU
	EndGlobalSection
	GlobalSection(ProjectConfigurationPlatforms) = postSolution
		{DF97977D-A851-4A99-9C2B-4B37F870928A}.Debug|Any CPU.ActiveCfg = Debug|Any CPU
		{DF97977D-A851-4A99-9C2B-4B37F870928A}.Debug|Any CPU.Build.0 = Debug|Any CPU
		{DF97977D-A851-4A99-9C2B-4B37F870928A}.Release|Any CPU.ActiveCfg = Release|Any CPU
		{DF97977D-A851-4A99-9C2B-4B37F870928A}.Release|Any CPU.Build.0 = Release|Any CPU
		{C255A618-D777-46F9-89F6-DFEFA89DC107}.Debug|Any CPU.ActiveCfg = Debug|Any CPU
		{C255A618-D777-46F9-89F6-DFEFA89DC107}.Debug|Any CPU.Build.0 = Debug|Any CPU
		{C255A618-D777-46F9-89F6-DFEFA89DC107}.Release|Any CPU.ActiveCfg = Release|Any CPU
		{C255A618-D777-46F9-89F6-DFEFA89DC107}.Release|Any CPU.Build.0 = Release|Any CPU
	EndGlobalSection
	GlobalSection(SolutionProperties) = preSolution
		HideSolutionNode = FALSE
	EndGlobalSection
	GlobalSection(ExtensibilityGlobals) = postSolution
		SolutionGuid = {81F1DC01-E938-4D2F-A149-8ABFD0164632}
	EndGlobalSection
EndGlobal
